
Microsoft Visual Studio Solution File, Format Version 12.00
# Visual Studio 15
VisualStudioVersion = 15.0.34031.82
MinimumVisualStudioVersion = 10.0.40219.1
Project("{8BC9CEB8-8B4A-11D0-8D11-00A0C91BC942}") = "Project1", "Project1\Project1.vcxproj", "{B9DABD34-06ED-47DD-89DF-38D333798789}"
EndProject
Global
	GlobalSection(SolutionConfigurationPlatforms) = preSolution
		Debug|x64 = Debug|x64
		Debug|x86 = Debug|x86
		Release|x64 = Release|x64
		Release|x86 = Release|x86
	EndGlobalSection
	GlobalSection(ProjectConfigurationPlatforms) = postSolution
		{B9DABD34-06ED-47DD-89DF-38D333798789}.Debug|x64.ActiveCfg = Debug|x64
		{B9DABD34-06ED-47DD-89DF-38D333798789}.Debug|x64.Build.0 = Debug|x64
		{B9DABD34-06ED-47DD-89DF-38D333798789}.Debug|x86.ActiveCfg = Debug|Win32
		{B9DABD34-06ED-47DD-89DF-38D333798789}.Debug|x86.Build.0 = Debug|Win32
		{B9DABD34-06ED-47DD-89DF-38D333798789}.Release|x64.ActiveCfg = Release|x64
		{B9DABD34-06ED-47DD-89DF-38D333798789}.Release|x64.Build.0 = Release|x64
		{B9DABD34-06ED-47DD-89DF-38D333798789}.Release|x86.ActiveCfg = Release|Win32
		{B9DABD34-06ED-47DD-89DF-38D333798789}.Release|x86.Build.0 = Release|Win32
	EndGlobalSection
	GlobalSection(SolutionProperties) = preSolution
		HideSolutionNode = FALSE
	EndGlobalSection
	GlobalSection(ExtensibilityGlobals) = postSolution
		SolutionGuid = {3B0C58D2-B4C8-4F6C-9341-83E6B9EEA78A}
	EndGlobalSection
EndGlobal
